
Microsoft Visual Studio Solution File, Format Version 12.00
# Visual Studio Version 17
VisualStudioVersion = 17.5.002.0
MinimumVisualStudioVersion = 10.0.40219.1
Project("{2150E333-8FDC-42A3-9474-1A3956D46DE8}") = "sandbox", "sandbox", "{5B77A7F6-D6E1-4BEF-8C91-E7B832348895}"
EndProject
Project("{9A19103F-16F7-4668-BE54-9A1E7A4F7556}") = "sandbox_project", "sandbox\sandbox_project\sandbox_project.csproj", "{59AFE7DE-EB9F-4847-843E-3A85F4C640D2}"
EndProject
Project("{2150E333-8FDC-42A3-9474-1A3956D46DE8}") = "week01", "week01", "{3C53D5F3-F1DC-4D02-ACA1-08573E3D42CD}"
EndProject
Project("{9A19103F-16F7-4668-BE54-9A1E7A4F7556}") = "analyze", "week01\analyze\analyze.csproj", "{198ABCB8-901E-4B1D-B68C-FF0159D028B1}"
EndProject
Project("{9A19103F-16F7-4668-BE54-9A1E7A4F7556}") = "code", "week01\code\code.csproj", "{86E5967C-EF14-4637-A536-4FD2EC2EF150}"
EndProject
Project("{9A19103F-16F7-4668-BE54-9A1E7A4F7556}") = "teach", "week01\teach\teach.csproj", "{9353E885-4553-4AC0-A183-535D584E08D9}"
EndProject
Project("{2150E333-8FDC-42A3-9474-1A3956D46DE8}") = "week02", "week02", "{9EF86767-33AF-4AEC-8AFF-1BB321E86F34}"
EndProject
Project("{9A19103F-16F7-4668-BE54-9A1E7A4F7556}") = "analyze", "week02\analyze\analyze.csproj", "{C4DB6929-A9E4-4701-9194-9746B39DF27E}"
EndProject
Project("{9A19103F-16F7-4668-BE54-9A1E7A4F7556}") = "code", "week02\code\code.csproj", "{83A2D2D2-5C58-47C8-95D6-44EFD3057255}"
EndProject
Project("{9A19103F-16F7-4668-BE54-9A1E7A4F7556}") = "learn", "week02\learn\learn.csproj", "{4BA192C4-76F6-4996-A67E-3E7D817AEAE0}"
EndProject
Project("{9A19103F-16F7-4668-BE54-9A1E7A4F7556}") = "teach", "week02\teach\teach.csproj", "{C9CAE919-F4B8-4515-AB90-6D42C59BD4C5}"
EndProject
Project("{2150E333-8FDC-42A3-9474-1A3956D46DE8}") = "week03", "week03", "{E59040D6-EB8C-44BB-8097-F41D6DB9576A}"
EndProject
Project("{9A19103F-16F7-4668-BE54-9A1E7A4F7556}") = "code", "week03\code\code.csproj", "{7C447992-8AC1-4CBA-B252-2D5E06F3912D}"
EndProject
Project("{9A19103F-16F7-4668-BE54-9A1E7A4F7556}") = "learn", "week03\learn\learn.csproj", "{547C61FB-ECA8-4A49-81B5-0E960A1A3EAD}"
EndProject
Project("{9A19103F-16F7-4668-BE54-9A1E7A4F7556}") = "teach", "week03\teach\teach.csproj", "{4EA30E72-AB17-4593-8564-996A0A4C0F98}"
EndProject
Project("{2150E333-8FDC-42A3-9474-1A3956D46DE8}") = "week04", "week04", "{824C8D48-6671-4483-B433-B2B0670EB941}"
EndProject
Project("{9A19103F-16F7-4668-BE54-9A1E7A4F7556}") = "code", "week04\code\code.csproj", "{414F484D-65C3-4D4D-982A-500616128771}"
EndProject
Project("{2150E333-8FDC-42A3-9474-1A3956D46DE8}") = "week05", "week05", "{E97A3040-00D5-4097-8AE6-19F7D9D341F2}"
EndProject
Project("{9A19103F-16F7-4668-BE54-9A1E7A4F7556}") = "code", "week05\code\code.csproj", "{5EED9726-F68A-4605-93B4-FC78F1797181}"
EndProject
Project("{2150E333-8FDC-42A3-9474-1A3956D46DE8}") = "week06", "week06", "{252E2446-778B-4443-8B37-17637278B7F4}"
EndProject
Project("{9A19103F-16F7-4668-BE54-9A1E7A4F7556}") = "code", "week06\code\code.csproj", "{71F9FBA3-EF34-4A3D-A91B-EF1F75C86F2D}"
EndProject
Global
	GlobalSection(SolutionConfigurationPlatforms) = preSolution
		Debug|Any CPU = Debug|Any CPU
		Release|Any CPU = Release|Any CPU
	EndGlobalSection
	GlobalSection(ProjectConfigurationPlatforms) = postSolution
		{59AFE7DE-EB9F-4847-843E-3A85F4C640D2}.Debug|Any CPU.ActiveCfg = Debug|Any CPU
		{59AFE7DE-EB9F-4847-843E-3A85F4C640D2}.Debug|Any CPU.Build.0 = Debug|Any CPU
		{59AFE7DE-EB9F-4847-843E-3A85F4C640D2}.Release|Any CPU.ActiveCfg = Release|Any CPU
		{59AFE7DE-EB9F-4847-843E-3A85F4C640D2}.Release|Any CPU.Build.0 = Release|Any CPU
		{198ABCB8-901E-4B1D-B68C-FF0159D028B1}.Debug|Any CPU.ActiveCfg = Debug|Any CPU
		{198ABCB8-901E-4B1D-B68C-FF0159D028B1}.Debug|Any CPU.Build.0 = Debug|Any CPU
		{198ABCB8-901E-4B1D-B68C-FF0159D028B1}.Release|Any CPU.ActiveCfg = Release|Any CPU
		{198ABCB8-901E-4B1D-B68C-FF0159D028B1}.Release|Any CPU.Build.0 = Release|Any CPU
		{86E5967C-EF14-4637-A536-4FD2EC2EF150}.Debug|Any CPU.ActiveCfg = Debug|Any CPU
		{86E5967C-EF14-4637-A536-4FD2EC2EF150}.Debug|Any CPU.Build.0 = Debug|Any CPU
		{86E5967C-EF14-4637-A536-4FD2EC2EF150}.Release|Any CPU.ActiveCfg = Release|Any CPU
		{86E5967C-EF14-4637-A536-4FD2EC2EF150}.Release|Any CPU.Build.0 = Release|Any CPU
		{9353E885-4553-4AC0-A183-535D584E08D9}.Debug|Any CPU.ActiveCfg = Debug|Any CPU
		{9353E885-4553-4AC0-A183-535D584E08D9}.Debug|Any CPU.Build.0 = Debug|Any CPU
		{9353E885-4553-4AC0-A183-535D584E08D9}.Release|Any CPU.ActiveCfg = Release|Any CPU
		{9353E885-4553-4AC0-A183-535D584E08D9}.Release|Any CPU.Build.0 = Release|Any CPU
		{C4DB6929-A9E4-4701-9194-9746B39DF27E}.Debug|Any CPU.ActiveCfg = Debug|Any CPU
		{C4DB6929-A9E4-4701-9194-9746B39DF27E}.Debug|Any CPU.Build.0 = Debug|Any CPU
		{C4DB6929-A9E4-4701-9194-9746B39DF27E}.Release|Any CPU.ActiveCfg = Release|Any CPU
		{C4DB6929-A9E4-4701-9194-9746B39DF27E}.Release|Any CPU.Build.0 = Release|Any CPU
		{83A2D2D2-5C58-47C8-95D6-44EFD3057255}.Debug|Any CPU.ActiveCfg = Debug|Any CPU
		{83A2D2D2-5C58-47C8-95D6-44EFD3057255}.Debug|Any CPU.Build.0 = Debug|Any CPU
		{83A2D2D2-5C58-47C8-95D6-44EFD3057255}.Release|Any CPU.ActiveCfg = Release|Any CPU
		{83A2D2D2-5C58-47C8-95D6-44EFD3057255}.Release|Any CPU.Build.0 = Release|Any CPU
		{4BA192C4-76F6-4996-A67E-3E7D817AEAE0}.Debug|Any CPU.ActiveCfg = Debug|Any CPU
		{4BA192C4-76F6-4996-A67E-3E7D817AEAE0}.Debug|Any CPU.Build.0 = Debug|Any CPU
		{4BA192C4-76F6-4996-A67E-3E7D817AEAE0}.Release|Any CPU.ActiveCfg = Release|Any CPU
		{4BA192C4-76F6-4996-A67E-3E7D817AEAE0}.Release|Any CPU.Build.0 = Release|Any CPU
		{C9CAE919-F4B8-4515-AB90-6D42C59BD4C5}.Debug|Any CPU.ActiveCfg = Debug|Any CPU
		{C9CAE919-F4B8-4515-AB90-6D42C59BD4C5}.Debug|Any CPU.Build.0 = Debug|Any CPU
		{C9CAE919-F4B8-4515-AB90-6D42C59BD4C5}.Release|Any CPU.ActiveCfg = Release|Any CPU
		{C9CAE919-F4B8-4515-AB90-6D42C59BD4C5}.Release|Any CPU.Build.0 = Release|Any CPU
		{7C447992-8AC1-4CBA-B252-2D5E06F3912D}.Debug|Any CPU.ActiveCfg = Debug|Any CPU
		{7C447992-8AC1-4CBA-B252-2D5E06F3912D}.Debug|Any CPU.Build.0 = Debug|Any CPU
		{7C447992-8AC1-4CBA-B252-2D5E06F3912D}.Release|Any CPU.ActiveCfg = Release|Any CPU
		{7C447992-8AC1-4CBA-B252-2D5E06F3912D}.Release|Any CPU.Build.0 = Release|Any CPU
		{547C61FB-ECA8-4A49-81B5-0E960A1A3EAD}.Debug|Any CPU.ActiveCfg = Debug|Any CPU
		{547C61FB-ECA8-4A49-81B5-0E960A1A3EAD}.Debug|Any CPU.Build.0 = Debug|Any CPU
		{547C61FB-ECA8-4A49-81B5-0E960A1A3EAD}.Release|Any CPU.ActiveCfg = Release|Any CPU
		{547C61FB-ECA8-4A49-81B5-0E960A1A3EAD}.Release|Any CPU.Build.0 = Release|Any CPU
		{4EA30E72-AB17-4593-8564-996A0A4C0F98}.Debug|Any CPU.ActiveCfg = Debug|Any CPU
		{4EA30E72-AB17-4593-8564-996A0A4C0F98}.Debug|Any CPU.Build.0 = Debug|Any CPU
		{4EA30E72-AB17-4593-8564-996A0A4C0F98}.Release|Any CPU.ActiveCfg = Release|Any CPU
		{4EA30E72-AB17-4593-8564-996A0A4C0F98}.Release|Any CPU.Build.0 = Release|Any CPU
		{414F484D-65C3-4D4D-982A-500616128771}.Debug|Any CPU.ActiveCfg = Debug|Any CPU
		{414F484D-65C3-4D4D-982A-500616128771}.Debug|Any CPU.Build.0 = Debug|Any CPU
		{414F484D-65C3-4D4D-982A-500616128771}.Release|Any CPU.ActiveCfg = Release|Any CPU
		{414F484D-65C3-4D4D-982A-500616128771}.Release|Any CPU.Build.0 = Release|Any CPU
		{5EED9726-F68A-4605-93B4-FC78F1797181}.Debug|Any CPU.ActiveCfg = Debug|Any CPU
		{5EED9726-F68A-4605-93B4-FC78F1797181}.Debug|Any CPU.Build.0 = Debug|Any CPU
		{5EED9726-F68A-4605-93B4-FC78F1797181}.Release|Any CPU.ActiveCfg = Release|Any CPU
		{5EED9726-F68A-4605-93B4-FC78F1797181}.Release|Any CPU.Build.0 = Release|Any CPU
		{71F9FBA3-EF34-4A3D-A91B-EF1F75C86F2D}.Debug|Any CPU.ActiveCfg = Debug|Any CPU
		{71F9FBA3-EF34-4A3D-A91B-EF1F75C86F2D}.Debug|Any CPU.Build.0 = Debug|Any CPU
		{71F9FBA3-EF34-4A3D-A91B-EF1F75C86F2D}.Release|Any CPU.ActiveCfg = Release|Any CPU
		{71F9FBA3-EF34-4A3D-A91B-EF1F75C86F2D}.Release|Any CPU.Build.0 = Release|Any CPU
	EndGlobalSection
	GlobalSection(SolutionProperties) = preSolution
		HideSolutionNode = FALSE
	EndGlobalSection
	GlobalSection(NestedProjects) = preSolution
		{59AFE7DE-EB9F-4847-843E-3A85F4C640D2} = {5B77A7F6-D6E1-4BEF-8C91-E7B832348895}
		{198ABCB8-901E-4B1D-B68C-FF0159D028B1} = {3C53D5F3-F1DC-4D02-ACA1-08573E3D42CD}
		{86E5967C-EF14-4637-A536-4FD2EC2EF150} = {3C53D5F3-F1DC-4D02-ACA1-08573E3D42CD}
		{9353E885-4553-4AC0-A183-535D584E08D9} = {3C53D5F3-F1DC-4D02-ACA1-08573E3D42CD}
		{C4DB6929-A9E4-4701-9194-9746B39DF27E} = {9EF86767-33AF-4AEC-8AFF-1BB321E86F34}
		{83A2D2D2-5C58-47C8-95D6-44EFD3057255} = {9EF86767-33AF-4AEC-8AFF-1BB321E86F34}
		{4BA192C4-76F6-4996-A67E-3E7D817AEAE0} = {9EF86767-33AF-4AEC-8AFF-1BB321E86F34}
		{C9CAE919-F4B8-4515-AB90-6D42C59BD4C5} = {9EF86767-33AF-4AEC-8AFF-1BB321E86F34}
		{7C447992-8AC1-4CBA-B252-2D5E06F3912D} = {E59040D6-EB8C-44BB-8097-F41D6DB9576A}
		{547C61FB-ECA8-4A49-81B5-0E960A1A3EAD} = {E59040D6-EB8C-44BB-8097-F41D6DB9576A}
		{4EA30E72-AB17-4593-8564-996A0A4C0F98} = {E59040D6-EB8C-44BB-8097-F41D6DB9576A}
		{414F484D-65C3-4D4D-982A-500616128771} = {824C8D48-6671-4483-B433-B2B0670EB941}
		{5EED9726-F68A-4605-93B4-FC78F1797181} = {E97A3040-00D5-4097-8AE6-19F7D9D341F2}
		{71F9FBA3-EF34-4A3D-A91B-EF1F75C86F2D} = {252E2446-778B-4443-8B37-17637278B7F4}
	EndGlobalSection
	GlobalSection(ExtensibilityGlobals) = postSolution
		SolutionGuid = {A7DDBF54-7C27-4034-996A-60F6641C6372}
	EndGlobalSection
EndGlobal
